{
  "originHash" : "7331e9e5df6382691bfcb93cb04fa68c79424bf8c9da1ca7e89753ec61f0741b",
  "pins" : [
    {
      "identity" : "argmax-oss-swift",
      "kind" : "remoteSourceControl",
      "location" : "https://github.com/argmaxinc/argmax-oss-swift",
      "state" : {
        "revision" : "25c62997041c134b03ca82731ce2f6fd2cae1eb9",
        "version" : "1.0.0"
      }
    },
    {
      "identity" : "swift-argument-parser",
      "kind" : "remoteSourceControl",
      "location" : "https://github.com/apple/swift-argument-parser.git",
      "state" : {
        "revision" : "6a52f3251125d74daf04fcbd5e6f08a75d074382",
        "version" : "1.8.2"
      }
    },
    {
      "identity" : "symaira-appkit",
      "kind" : "remoteSourceControl",
      "location" : "https://github.com/danieljustus/symaira-appkit.git",
      "state" : {
        "revision" : "188cd923a06532d7ce9de46e05afaa5670ff37f6",
        "version" : "0.7.0"
      }
    }
  ],
  "version" : 3
}
